
Microsoft Visual Studio Solution File, Format Version 12.00
# Visual Studio Version 16
VisualStudioVersion = 16.0.30204.135
MinimumVisualStudioVersion = 10.0.40219.1
Project("{9A19103F-16F7-4668-BE54-9A1E7A4F7556}") = "Entygine.Tests", "Entygine_Tests\Entygine.Tests.csproj", "{98CB61DE-323F-4C38-B810-622462DF5899}"
EndProject
Project("{9A19103F-16F7-4668-BE54-9A1E7A4F7556}") = "Entygine", "Entygine\Entygine.csproj", "{0547E0D9-F8FB-4B84-A92D-6B606BC62321}"
EndProject
Global
	GlobalSection(SolutionConfigurationPlatforms) = preSolution
		Debug|Any CPU = Debug|Any CPU
		Release|Any CPU = Release|Any CPU
	EndGlobalSection
	GlobalSection(ProjectConfigurationPlatforms) = postSolution
		{98CB61DE-323F-4C38-B810-622462DF5899}.Debug|Any CPU.ActiveCfg = Debug|Any CPU
		{98CB61DE-323F-4C38-B810-622462DF5899}.Debug|Any CPU.Build.0 = Debug|Any CPU
		{98CB61DE-323F-4C38-B810-622462DF5899}.Release|Any CPU.ActiveCfg = Release|Any CPU
		{98CB61DE-323F-4C38-B810-622462DF5899}.Release|Any CPU.Build.0 = Release|Any CPU
		{0547E0D9-F8FB-4B84-A92D-6B606BC62321}.Debug|Any CPU.ActiveCfg = Debug|Any CPU
		{0547E0D9-F8FB-4B84-A92D-6B606BC62321}.Debug|Any CPU.Build.0 = Debug|Any CPU
		{0547E0D9-F8FB-4B84-A92D-6B606BC62321}.Release|Any CPU.ActiveCfg = Release|Any CPU
		{0547E0D9-F8FB-4B84-A92D-6B606BC62321}.Release|Any CPU.Build.0 = Release|Any CPU
	EndGlobalSection
	GlobalSection(SolutionProperties) = preSolution
		HideSolutionNode = FALSE
	EndGlobalSection
	GlobalSection(ExtensibilityGlobals) = postSolution
		SolutionGuid = {94541F4A-8007-4F63-98AF-AF896184166D}
	EndGlobalSection
EndGlobal
